
Microsoft Visual Studio Solution File, Format Version 12.00
# Visual Studio Express 2012 for Web
Project("{FAE04EC0-301F-11D3-BF4B-00C04F79EFBC}") = "RuleEngine", "RuleEngine.csproj", "{29E8093F-D041-4717-BB67-13A0532049FE}"
EndProject
Project("{FAE04EC0-301F-11D3-BF4B-00C04F79EFBC}") = "Data", "..\Data\Data.csproj", "{9F8175CC-00C3-4817-A500-4174AB7812A8}"
EndProject
Global
	GlobalSection(SolutionConfigurationPlatforms) = preSolution
		Debug|Any CPU = Debug|Any CPU
		Release|Any CPU = Release|Any CPU
	EndGlobalSection
	GlobalSection(ProjectConfigurationPlatforms) = postSolution
		{29E8093F-D041-4717-BB67-13A0532049FE}.Debug|Any CPU.ActiveCfg = Debug|Any CPU
		{29E8093F-D041-4717-BB67-13A0532049FE}.Debug|Any CPU.Build.0 = Debug|Any CPU
		{29E8093F-D041-4717-BB67-13A0532049FE}.Release|Any CPU.ActiveCfg = Release|Any CPU
		{29E8093F-D041-4717-BB67-13A0532049FE}.Release|Any CPU.Build.0 = Release|Any CPU
		{9F8175CC-00C3-4817-A500-4174AB7812A8}.Debug|Any CPU.ActiveCfg = Debug|Any CPU
		{9F8175CC-00C3-4817-A500-4174AB7812A8}.Debug|Any CPU.Build.0 = Debug|Any CPU
		{9F8175CC-00C3-4817-A500-4174AB7812A8}.Release|Any CPU.ActiveCfg = Release|Any CPU
		{9F8175CC-00C3-4817-A500-4174AB7812A8}.Release|Any CPU.Build.0 = Release|Any CPU
	EndGlobalSection
	GlobalSection(SolutionProperties) = preSolution
		HideSolutionNode = FALSE
	EndGlobalSection
EndGlobal
